{
    "version": 3,
    "terraform_version": "0.9.11",
    "serial": 16,
    "lineage": "9c6de960-7aec-4d23-8f1f-6b2a98ebc3c4",
    "modules": [
        {
            "path": [
                "root"
            ],
            "outputs": {},
            "resources": {
                "aws_autoscaling_group.master": {
                    "type": "aws_autoscaling_group",
                    "depends_on": [
                        "aws_launch_configuration.master",
                        "aws_subnet.subnet"
                    ],
                    "primary": {
                        "id": "master",
                        "attributes": {
                            "arn": "arn:aws:autoscaling:us-east-1:394125495069:autoScalingGroup:b71babdf-6681-44ef-a52f-75f378d7d361:autoScalingGroupName/master",
                            "availability_zones.#": "1",
                            "availability_zones.3569565595": "us-east-1a",
                            "default_cooldown": "300",
                            "desired_capacity": "3",
                            "force_delete": "false",
                            "health_check_grace_period": "300",
                            "health_check_type": "EC2",
                            "id": "master",
                            "launch_configuration": "master-00e298696ee8736522de0bb0a2",
                            "load_balancers.#": "0",
                            "max_size": "3",
                            "metrics_granularity": "1Minute",
                            "min_size": "3",
                            "name": "master",
                            "placement_group": "",
                            "protect_from_scale_in": "false",
                            "suspended_processes.#": "0",
                            "tag.#": "1",
                            "tag.1968961320.key": "ConsulAgent",
                            "tag.1968961320.propagate_at_launch": "true",
                            "tag.1968961320.value": "Server",
                            "target_group_arns.#": "0",
                            "termination_policies.#": "0",
                            "vpc_zone_identifier.#": "1",
                            "vpc_zone_identifier.2441933016": "subnet-8be109c0",
                            "wait_for_capacity_timeout": "10m"
                        },
                        "meta": {},
                        "tainted": false
                    },
                    "deposed": [],
                    "provider": ""
                },
                "aws_autoscaling_group.slave": {
                    "type": "aws_autoscaling_group",
                    "depends_on": [
                        "aws_launch_configuration.slave",
                        "aws_subnet.subnet"
                    ],
                    "primary": {
                        "id": "slave",
                        "attributes": {
                            "arn": "arn:aws:autoscaling:us-east-1:394125495069:autoScalingGroup:57b907ce-4ccb-4e45-a7af-bf7fc8c1a8d0:autoScalingGroupName/slave",
                            "availability_zones.#": "1",
                            "availability_zones.3569565595": "us-east-1a",
                            "default_cooldown": "300",
                            "desired_capacity": "2",
                            "force_delete": "false",
                            "health_check_grace_period": "300",
                            "health_check_type": "EC2",
                            "id": "slave",
                            "launch_configuration": "slave-0019b51f3d1e8b969185198103",
                            "load_balancers.#": "0",
                            "max_size": "2",
                            "metrics_granularity": "1Minute",
                            "min_size": "2",
                            "name": "slave",
                            "placement_group": "",
                            "protect_from_scale_in": "false",
                            "suspended_processes.#": "0",
                            "tag.#": "1",
                            "tag.1991707030.key": "ConsulAgent",
                            "tag.1991707030.propagate_at_launch": "true",
                            "tag.1991707030.value": "Client",
                            "target_group_arns.#": "0",
                            "termination_policies.#": "0",
                            "vpc_zone_identifier.#": "1",
                            "vpc_zone_identifier.2441933016": "subnet-8be109c0",
                            "wait_for_capacity_timeout": "10m"
                        },
                        "meta": {},
                        "tainted": false
                    },
                    "deposed": [],
                    "provider": ""
                },
                "aws_iam_instance_profile.consul": {
                    "type": "aws_iam_instance_profile",
                    "depends_on": [
                        "aws_iam_role.consul"
                    ],
                    "primary": {
                        "id": "ConsulAgent",
                        "attributes": {
                            "arn": "arn:aws:iam::394125495069:instance-profile/ConsulAgent",
                            "id": "ConsulAgent",
                            "name": "ConsulAgent",
                            "path": "/",
                            "role": "ConsulAgent",
                            "roles.#": "1",
                            "roles.1387342227": "ConsulAgent",
                            "unique_id": "AIPAISSDA4X2N3KHNSJMA"
                        },
                        "meta": {},
                        "tainted": false
                    },
                    "deposed": [],
                    "provider": ""
                },
                "aws_iam_policy.consul": {
                    "type": "aws_iam_policy",
                    "depends_on": [
                        "data.aws_iam_policy_document.consul"
                    ],
                    "primary": {
                        "id": "arn:aws:iam::394125495069:policy/ConsulEC2Discovery",
                        "attributes": {
                            "arn": "arn:aws:iam::394125495069:policy/ConsulEC2Discovery",
                            "description": "Allow Consul to discover peers using EC2 tags.",
                            "id": "arn:aws:iam::394125495069:policy/ConsulEC2Discovery",
                            "name": "ConsulEC2Discovery",
                            "path": "/",
                            "policy": "{\n  \"Version\": \"2012-10-17\",\n  \"Statement\": [\n    {\n      \"Sid\": \"\",\n      \"Effect\": \"Allow\",\n      \"Action\": \"ec2:DescribeInstances\",\n      \"Resource\": \"*\"\n    }\n  ]\n}"
                        },
                        "meta": {},
                        "tainted": false
                    },
                    "deposed": [],
                    "provider": ""
                },
                "aws_iam_policy_attachment.consul": {
                    "type": "aws_iam_policy_attachment",
                    "depends_on": [
                        "aws_iam_policy.consul",
                        "aws_iam_role.consul"
                    ],
                    "primary": {
                        "id": "consul",
                        "attributes": {
                            "groups.#": "0",
                            "id": "consul",
                            "name": "consul",
                            "policy_arn": "arn:aws:iam::394125495069:policy/ConsulEC2Discovery",
                            "roles.#": "1",
                            "roles.1387342227": "ConsulAgent",
                            "users.#": "0"
                        },
                        "meta": {},
                        "tainted": false
                    },
                    "deposed": [],
                    "provider": ""
                },
                "aws_iam_role.consul": {
                    "type": "aws_iam_role",
                    "depends_on": [
                        "data.aws_iam_policy_document.assumerole"
                    ],
                    "primary": {
                        "id": "ConsulAgent",
                        "attributes": {
                            "arn": "arn:aws:iam::394125495069:role/ConsulAgent",
                            "assume_role_policy": "{\"Version\":\"2012-10-17\",\"Statement\":[{\"Sid\":\"\",\"Effect\":\"Allow\",\"Principal\":{\"Service\":\"ec2.amazonaws.com\"},\"Action\":\"sts:AssumeRole\"}]}",
                            "create_date": "2017-09-15T08:03:10Z",
                            "id": "ConsulAgent",
                            "name": "ConsulAgent",
                            "path": "/",
                            "unique_id": "AROAJD52GVP3A6NSUS4XU"
                        },
                        "meta": {},
                        "tainted": false
                    },
                    "deposed": [],
                    "provider": ""
                },
                "aws_internet_gateway.gateway": {
                    "type": "aws_internet_gateway",
                    "depends_on": [
                        "aws_vpc.vpc"
                    ],
                    "primary": {
                        "id": "igw-265ab65f",
                        "attributes": {
                            "id": "igw-265ab65f",
                            "tags.%": "0",
                            "vpc_id": "vpc-704b5e09"
                        },
                        "meta": {},
                        "tainted": false
                    },
                    "deposed": [],
                    "provider": ""
                },
                "aws_key_pair.ssh": {
                    "type": "aws_key_pair",
                    "depends_on": [],
                    "primary": {
                        "id": "ssh",
                        "attributes": {
                            "fingerprint": "89:89:ef:ee:e2:7d:11:93:ff:84:8b:c5:de:f0:d0:20",
                            "id": "ssh",
                            "key_name": "ssh",
                            "public_key": "ssh-rsa AAAAB3NzaC1yc2EAAAADAQABAAABAQDWwT30f66W7leJUtOQsrnFbnckrL2SuXit7aUNNvVYrIrSMzRAuLi3NnumtjLQXgd/AJW7A+xX2OmNPqfkNQl9J9f5cjlPyZv2sp3W9Ivda6TMLtnCQ558sKIFuWp2XMOv+Oi/CtrAfdRlZOVeAvy0FI4kj+aJ+IqaNQxirx+kMg62FsTXgEN18sLWcZ7IY5pMHXi9k30xEoxyZfVquiiyxMbc4MYMpqjzzvZFzfncXL2yRHvNAW8hZ9FX5wzgXSUcTYCXj3inwjr0SovEA5pbDBbvc90UiNN0hTynOcanse/031gi4z+1AIOc2QGRhpN1NxULqYdbNsRiNM2ECVWX cardno:000604884962"
                        },
                        "meta": {
                            "schema_version": "1"
                        },
                        "tainted": false
                    },
                    "deposed": [],
                    "provider": ""
                },
                "aws_launch_configuration.master": {
                    "type": "aws_launch_configuration",
                    "depends_on": [],
                    "primary": {
                        "id": "master-00e298696ee8736522de0bb0a2",
                        "attributes": {
                            "associate_public_ip_address": "false",
                            "ebs_block_device.#": "0",
                            "ebs_optimized": "false",
                            "enable_monitoring": "true",
                            "ephemeral_block_device.#": "0",
                            "iam_instance_profile": "ConsulAgent",
                            "id": "master-00e298696ee8736522de0bb0a2",
                            "image_id": "ami-861ef8fc",
                            "instance_type": "t2.nano",
                            "key_name": "ssh",
                            "name": "master-00e298696ee8736522de0bb0a2",
                            "name_prefix": "master-",
                            "root_block_device.#": "0",
                            "security_groups.#": "1",
                            "security_groups.140911076": "sg-7954830a",
                            "spot_price": "",
                            "vpc_classic_link_id": "",
                            "vpc_classic_link_security_groups.#": "0"
                        },
                        "meta": {},
                        "tainted": false
                    },
                    "deposed": [],
                    "provider": ""
                },
                "aws_launch_configuration.slave": {
                    "type": "aws_launch_configuration",
                    "depends_on": [],
                    "primary": {
                        "id": "slave-0019b51f3d1e8b969185198103",
                        "attributes": {
                            "associate_public_ip_address": "false",
                            "ebs_block_device.#": "0",
                            "ebs_optimized": "false",
                            "enable_monitoring": "true",
                            "ephemeral_block_device.#": "0",
                            "iam_instance_profile": "ConsulAgent",
                            "id": "slave-0019b51f3d1e8b969185198103",
                            "image_id": "ami-296e8853",
                            "instance_type": "m4.large",
                            "key_name": "ssh",
                            "name": "slave-0019b51f3d1e8b969185198103",
                            "name_prefix": "slave-",
                            "root_block_device.#": "0",
                            "security_groups.#": "1",
                            "security_groups.140911076": "sg-7954830a",
                            "spot_price": "",
                            "vpc_classic_link_id": "",
                            "vpc_classic_link_security_groups.#": "0"
                        },
                        "meta": {},
                        "tainted": false
                    },
                    "deposed": [],
                    "provider": ""
                },
                "aws_route_table.table": {
                    "type": "aws_route_table",
                    "depends_on": [
                        "aws_internet_gateway.gateway",
                        "aws_vpc.vpc"
                    ],
                    "primary": {
                        "id": "rtb-a21756d9",
                        "attributes": {
                            "id": "rtb-a21756d9",
                            "propagating_vgws.#": "0",
                            "route.#": "1",
                            "route.3348616990.cidr_block": "0.0.0.0/0",
                            "route.3348616990.egress_only_gateway_id": "",
                            "route.3348616990.gateway_id": "igw-265ab65f",
                            "route.3348616990.instance_id": "",
                            "route.3348616990.ipv6_cidr_block": "",
                            "route.3348616990.nat_gateway_id": "",
                            "route.3348616990.network_interface_id": "",
                            "route.3348616990.vpc_peering_connection_id": "",
                            "tags.%": "0",
                            "vpc_id": "vpc-704b5e09"
                        },
                        "meta": {},
                        "tainted": false
                    },
                    "deposed": [],
                    "provider": ""
                },
                "aws_route_table_association.association": {
                    "type": "aws_route_table_association",
                    "depends_on": [
                        "aws_route_table.table",
                        "aws_subnet.subnet"
                    ],
                    "primary": {
                        "id": "rtbassoc-86b8e1fc",
                        "attributes": {
                            "id": "rtbassoc-86b8e1fc",
                            "route_table_id": "rtb-a21756d9",
                            "subnet_id": "subnet-8be109c0"
                        },
                        "meta": {},
                        "tainted": false
                    },
                    "deposed": [],
                    "provider": ""
                },
                "aws_security_group.security_group": {
                    "type": "aws_security_group",
                    "depends_on": [
                        "aws_vpc.vpc"
                    ],
                    "primary": {
                        "id": "sg-7954830a",
                        "attributes": {
                            "description": "Security group for Nomad cluster members.",
                            "egress.#": "2",
                            "egress.482069346.cidr_blocks.#": "1",
                            "egress.482069346.cidr_blocks.0": "0.0.0.0/0",
                            "egress.482069346.from_port": "0",
                            "egress.482069346.ipv6_cidr_blocks.#": "0",
                            "egress.482069346.prefix_list_ids.#": "0",
                            "egress.482069346.protocol": "-1",
                            "egress.482069346.security_groups.#": "0",
                            "egress.482069346.self": "false",
                            "egress.482069346.to_port": "0",
                            "egress.753360330.cidr_blocks.#": "0",
                            "egress.753360330.from_port": "0",
                            "egress.753360330.ipv6_cidr_blocks.#": "0",
                            "egress.753360330.prefix_list_ids.#": "0",
                            "egress.753360330.protocol": "-1",
                            "egress.753360330.security_groups.#": "0",
                            "egress.753360330.self": "true",
                            "egress.753360330.to_port": "0",
                            "id": "sg-7954830a",
                            "ingress.#": "2",
                            "ingress.2541437006.cidr_blocks.#": "1",
                            "ingress.2541437006.cidr_blocks.0": "0.0.0.0/0",
                            "ingress.2541437006.from_port": "22",
                            "ingress.2541437006.ipv6_cidr_blocks.#": "0",
                            "ingress.2541437006.protocol": "tcp",
                            "ingress.2541437006.security_groups.#": "0",
                            "ingress.2541437006.self": "false",
                            "ingress.2541437006.to_port": "22",
                            "ingress.753360330.cidr_blocks.#": "0",
                            "ingress.753360330.from_port": "0",
                            "ingress.753360330.ipv6_cidr_blocks.#": "0",
                            "ingress.753360330.protocol": "-1",
                            "ingress.753360330.security_groups.#": "0",
                            "ingress.753360330.self": "true",
                            "ingress.753360330.to_port": "0",
                            "name": "nomad-cluster-member",
                            "owner_id": "394125495069",
                            "tags.%": "0",
                            "vpc_id": "vpc-704b5e09"
                        },
                        "meta": {},
                        "tainted": false
                    },
                    "deposed": [],
                    "provider": ""
                },
                "aws_security_group_rule.all_egress": {
                    "type": "aws_security_group_rule",
                    "depends_on": [
                        "aws_security_group.security_group"
                    ],
                    "primary": {
                        "id": "sgrule-2761043316",
                        "attributes": {
                            "cidr_blocks.#": "1",
                            "cidr_blocks.0": "0.0.0.0/0",
                            "from_port": "0",
                            "id": "sgrule-2761043316",
                            "ipv6_cidr_blocks.#": "0",
                            "prefix_list_ids.#": "0",
                            "protocol": "-1",
                            "security_group_id": "sg-7954830a",
                            "self": "false",
                            "to_port": "0",
                            "type": "egress"
                        },
                        "meta": {
                            "schema_version": "2"
                        },
                        "tainted": false
                    },
                    "deposed": [],
                    "provider": ""
                },
                "aws_security_group_rule.in_cluster_egress": {
                    "type": "aws_security_group_rule",
                    "depends_on": [
                        "aws_security_group.security_group"
                    ],
                    "primary": {
                        "id": "sgrule-790314334",
                        "attributes": {
                            "cidr_blocks.#": "0",
                            "from_port": "0",
                            "id": "sgrule-790314334",
                            "ipv6_cidr_blocks.#": "0",
                            "prefix_list_ids.#": "0",
                            "protocol": "-1",
                            "security_group_id": "sg-7954830a",
                            "self": "false",
                            "source_security_group_id": "sg-7954830a",
                            "to_port": "0",
                            "type": "egress"
                        },
                        "meta": {
                            "schema_version": "2"
                        },
                        "tainted": false
                    },
                    "deposed": [],
                    "provider": ""
                },
                "aws_security_group_rule.in_cluster_ingress": {
                    "type": "aws_security_group_rule",
                    "depends_on": [
                        "aws_security_group.security_group"
                    ],
                    "primary": {
                        "id": "sgrule-1071556675",
                        "attributes": {
                            "cidr_blocks.#": "0",
                            "from_port": "0",
                            "id": "sgrule-1071556675",
                            "ipv6_cidr_blocks.#": "0",
                            "prefix_list_ids.#": "0",
                            "protocol": "-1",
                            "security_group_id": "sg-7954830a",
                            "self": "false",
                            "source_security_group_id": "sg-7954830a",
                            "to_port": "0",
                            "type": "ingress"
                        },
                        "meta": {
                            "schema_version": "2"
                        },
                        "tainted": false
                    },
                    "deposed": [],
                    "provider": ""
                },
                "aws_security_group_rule.incoming_ssh": {
                    "type": "aws_security_group_rule",
                    "depends_on": [
                        "aws_security_group.security_group"
                    ],
                    "primary": {
                        "id": "sgrule-506482854",
                        "attributes": {
                            "cidr_blocks.#": "1",
                            "cidr_blocks.0": "0.0.0.0/0",
                            "from_port": "22",
                            "id": "sgrule-506482854",
                            "ipv6_cidr_blocks.#": "0",
                            "prefix_list_ids.#": "0",
                            "protocol": "tcp",
                            "security_group_id": "sg-7954830a",
                            "self": "false",
                            "to_port": "22",
                            "type": "ingress"
                        },
                        "meta": {
                            "schema_version": "2"
                        },
                        "tainted": false
                    },
                    "deposed": [],
                    "provider": ""
                },
                "aws_subnet.subnet": {
                    "type": "aws_subnet",
                    "depends_on": [
                        "aws_vpc.vpc"
                    ],
                    "primary": {
                        "id": "subnet-8be109c0",
                        "attributes": {
                            "assign_ipv6_address_on_creation": "false",
                            "availability_zone": "us-east-1a",
                            "cidr_block": "10.0.16.0/20",
                            "id": "subnet-8be109c0",
                            "map_public_ip_on_launch": "true",
                            "tags.%": "0",
                            "vpc_id": "vpc-704b5e09"
                        },
                        "meta": {
                            "schema_version": "1"
                        },
                        "tainted": false
                    },
                    "deposed": [],
                    "provider": ""
                },
                "aws_vpc.vpc": {
                    "type": "aws_vpc",
                    "depends_on": [],
                    "primary": {
                        "id": "vpc-704b5e09",
                        "attributes": {
                            "assign_generated_ipv6_cidr_block": "false",
                            "cidr_block": "10.0.0.0/16",
                            "default_network_acl_id": "acl-a19617d9",
                            "default_route_table_id": "rtb-e71d5c9c",
                            "default_security_group_id": "sg-135d8a60",
                            "dhcp_options_id": "dopt-51850134",
                            "enable_classiclink": "false",
                            "enable_dns_hostnames": "false",
                            "enable_dns_support": "true",
                            "id": "vpc-704b5e09",
                            "instance_tenancy": "default",
                            "main_route_table_id": "rtb-e71d5c9c",
                            "tags.%": "0"
                        },
                        "meta": {
                            "schema_version": "1"
                        },
                        "tainted": false
                    },
                    "deposed": [],
                    "provider": ""
                },
                "data.aws_iam_policy_document.assumerole": {
                    "type": "aws_iam_policy_document",
                    "depends_on": [],
                    "primary": {
                        "id": "1903849331",
                        "attributes": {
                            "id": "1903849331",
                            "json": "{\n  \"Version\": \"2012-10-17\",\n  \"Statement\": [\n    {\n      \"Sid\": \"\",\n      \"Effect\": \"Allow\",\n      \"Action\": \"sts:AssumeRole\",\n      \"Principal\": {\n        \"Service\": \"ec2.amazonaws.com\"\n      }\n    }\n  ]\n}",
                            "statement.#": "1",
                            "statement.0.actions.#": "1",
                            "statement.0.actions.2528466339": "sts:AssumeRole",
                            "statement.0.condition.#": "0",
                            "statement.0.effect": "Allow",
                            "statement.0.not_actions.#": "0",
                            "statement.0.not_principals.#": "0",
                            "statement.0.not_resources.#": "0",
                            "statement.0.principals.#": "1",
                            "statement.0.principals.1134724139.identifiers.#": "1",
                            "statement.0.principals.1134724139.identifiers.3655884555": "ec2.amazonaws.com",
                            "statement.0.principals.1134724139.type": "Service",
                            "statement.0.resources.#": "0",
                            "statement.0.sid": ""
                        },
                        "meta": {},
                        "tainted": false
                    },
                    "deposed": [],
                    "provider": ""
                },
                "data.aws_iam_policy_document.consul": {
                    "type": "aws_iam_policy_document",
                    "depends_on": [],
                    "primary": {
                        "id": "638072103",
                        "attributes": {
                            "id": "638072103",
                            "json": "{\n  \"Version\": \"2012-10-17\",\n  \"Statement\": [\n    {\n      \"Sid\": \"\",\n      \"Effect\": \"Allow\",\n      \"Action\": \"ec2:DescribeInstances\",\n      \"Resource\": \"*\"\n    }\n  ]\n}",
                            "statement.#": "1",
                            "statement.0.actions.#": "1",
                            "statement.0.actions.3466923763": "ec2:DescribeInstances",
                            "statement.0.condition.#": "0",
                            "statement.0.effect": "Allow",
                            "statement.0.not_actions.#": "0",
                            "statement.0.not_principals.#": "0",
                            "statement.0.not_resources.#": "0",
                            "statement.0.principals.#": "0",
                            "statement.0.resources.#": "1",
                            "statement.0.resources.2679715827": "*",
                            "statement.0.sid": ""
                        },
                        "meta": {},
                        "tainted": false
                    },
                    "deposed": [],
                    "provider": ""
                }
            },
            "depends_on": []
        }
    ]
}
